// !$*UTF8*$!
{
	archiveVersion = 1;
	classes = {
	};
	objectVersion = 50;
	objects = {

/* Begin PBXBuildFile section */
		A5D9FE99221C8FB4007225FA /* AppDelegate.swift in Sources */ = {isa = PBXBuildFile; fileRef = A5D9FE98221C8FB4007225FA /* AppDelegate.swift */; };
		A5D9FE9B221C8FB4007225FA /* FirstViewController.swift in Sources */ = {isa = PBXBuildFile; fileRef = A5D9FE9A221C8FB4007225FA /* FirstViewController.swift */; };
		A5D9FE9D221C8FB5007225FA /* TouristSitesViewController.swift in Sources */ = {isa = PBXBuildFile; fileRef = A5D9FE9C221C8FB5007225FA /* TouristSitesViewController.swift */; };
		A5D9FEA0221C8FB5007225FA /* Main.storyboard in Resources */ = {isa = PBXBuildFile; fileRef = A5D9FE9E221C8FB5007225FA /* Main.storyboard */; };
		A5D9FEA2221C8FB5007225FA /* Assets.xcassets in Resources */ = {isa = PBXBuildFile; fileRef = A5D9FEA1221C8FB5007225FA /* Assets.xcassets */; };
		A5D9FEA5221C8FB5007225FA /* LaunchScreen.storyboard in Resources */ = {isa = PBXBuildFile; fileRef = A5D9FEA3221C8FB5007225FA /* LaunchScreen.storyboard */; };
/* End PBXBuildFile section */

/* Begin PBXFileReference section */
		A5D9FE95221C8FB4007225FA /* TableViewRock.app */ = {isa = PBXFileReference; explicitFileType = wrapper.application; includeInIndex = 0; path = TableViewRock.app; sourceTree = BUILT_PRODUCTS_DIR; };
		A5D9FE98221C8FB4007225FA /* AppDelegate.swift */ = {isa = PBXFileReference; lastKnownFileType = sourcecode.swift; path = AppDelegate.swift; sourceTree = "<group>"; };
		A5D9FE9A221C8FB4007225FA /* FirstViewController.swift */ = {isa = PBXFileReference; lastKnownFileType = sourcecode.swift; path = FirstViewController.swift; sourceTree = "<group>"; };
		A5D9FE9C221C8FB5007225FA /* TouristSitesViewController.swift */ = {isa = PBXFileReference; lastKnownFileType = sourcecode.swift; path = TouristSitesViewController.swift; sourceTree = "<group>"; };
		A5D9FE9F221C8FB5007225FA /* Base */ = {isa = PBXFileReference; lastKnownFileType = file.storyboard; name = Base; path = Base.lproj/Main.storyboard; sourceTree = "<group>"; };
		A5D9FEA1221C8FB5007225FA /* Assets.xcassets */ = {isa = PBXFileReference; lastKnownFileType = folder.assetcatalog; path = Assets.xcassets; sourceTree = "<group>"; };
		A5D9FEA4221C8FB5007225FA /* Base */ = {isa = PBXFileReference; lastKnownFileType = file.storyboard; name = Base; path = Base.lproj/LaunchScreen.storyboard; sourceTree = "<group>"; };
		A5D9FEA6221C8FB5007225FA /* Info.plist */ = {isa = PBXFileReference; lastKnownFileType = text.plist.xml; path = Info.plist; sourceTree = "<group>"; };
/* End PBXFileReference section */

/* Begin PBXFrameworksBuildPhase section */
		A5D9FE92221C8FB4007225FA /* Frameworks */ = {
			isa = PBXFrameworksBuildPhase;
			buildActionMask = 2147483647;
			files = (
			);
			runOnlyForDeploymentPostprocessing = 0;
		};
/* End PBXFrameworksBuildPhase section */

/* Begin PBXGroup section */
		A5D9FE8C221C8FB4007225FA = {
			isa = PBXGroup;
			children = (
				A5D9FE97221C8FB4007225FA /* TableViewRock */,
				A5D9FE96221C8FB4007225FA /* Products */,
			);
			sourceTree = "<group>";
		};
		A5D9FE96221C8FB4007225FA /* Products */ = {
			isa = PBXGroup;
			children = (
				A5D9FE95221C8FB4007225FA /* TableViewRock.app */,
			);
			name = Products;
			sourceTree = "<group>";
		};
		A5D9FE97221C8FB4007225FA /* TableViewRock */ = {
			isa = PBXGroup;
			children = (
				A5D9FE98221C8FB4007225FA /* AppDelegate.swift */,
				A5D9FE9A221C8FB4007225FA /* FirstViewController.swift */,
				A5D9FE9C221C8FB5007225FA /* TouristSitesViewController.swift */,
				A5D9FE9E221C8FB5007225FA /* Main.storyboard */,
				A5D9FEA1221C8FB5007225FA /* Assets.xcassets */,
				A5D9FEA3221C8FB5007225FA /* LaunchScreen.storyboard */,
				A5D9FEA6221C8FB5007225FA /* Info.plist */,
			);
			path = TableViewRock;
			sourceTree = "<group>";
		};
/* End PBXGroup section */

/* Begin PBXNativeTarget section */
		A5D9FE94221C8FB4007225FA /* TableViewRock */ = {
			isa = PBXNativeTarget;
			buildConfigurationList = A5D9FEA9221C8FB5007225FA /* Build configuration list for PBXNativeTarget "TableViewRock" */;
			buildPhases = (
				A5D9FE91221C8FB4007225FA /* Sources */,
				A5D9FE92221C8FB4007225FA /* Frameworks */,
				A5D9FE93221C8FB4007225FA /* Resources */,
			);
			buildRules = (
			);
			dependencies = (
			);
			name = TableViewRock;
			productName = TableViewRock;
			productReference = A5D9FE95221C8FB4007225FA /* TableViewRock.app */;
			productType = "com.apple.product-type.application";
		};
/* End PBXNativeTarget section */

/* Begin PBXProject section */
		A5D9FE8D221C8FB4007225FA /* Project object */ = {
			isa = PBXProject;
			attributes = {
				LastSwiftUpdateCheck = 1010;
				LastUpgradeCheck = 1010;
				ORGANIZATIONNAME = "Kolakani,Satyakanth";
				TargetAttributes = {
					A5D9FE94221C8FB4007225FA = {
						CreatedOnToolsVersion = 10.1;
					};
				};
			};
			buildConfigurationList = A5D9FE90221C8FB4007225FA /* Build configuration list for PBXProject "TableViewRock" */;
			compatibilityVersion = "Xcode 9.3";
			developmentRegion = en;
			hasScannedForEncodings = 0;
			knownRegions = (
				en,
				Base,
			);
			mainGroup = A5D9FE8C221C8FB4007225FA;
			productRefGroup = A5D9FE96221C8FB4007225FA /* Products */;
			projectDirPath = "";
			projectRoot = "";
			targets = (
				A5D9FE94221C8FB4007225FA /* TableViewRock */,
			);
		};
/* End PBXProject section */

/* Begin PBXResourcesBuildPhase section */
		A5D9FE93221C8FB4007225FA /* Resources */ = {
			isa = PBXResourcesBuildPhase;
			buildActionMask = 2147483647;
			files = (
				A5D9FEA5221C8FB5007225FA /* LaunchScreen.storyboard in Resources */,
				A5D9FEA2221C8FB5007225FA /* Assets.xcassets in Resources */,
				A5D9FEA0221C8FB5007225FA /* Main.storyboard in Resources */,
			);
			runOnlyForDeploymentPostprocessing = 0;
		};
/* End PBXResourcesBuildPhase section */

/* Begin PBXSourcesBuildPhase section */
		A5D9FE91221C8FB4007225FA /* Sources */ = {
			isa = PBXSourcesBuildPhase;
			buildActionMask = 2147483647;
			files = (
				A5D9FE9D221C8FB5007225FA /* TouristSitesViewController.swift in Sources */,
				A5D9FE99221C8FB4007225FA /* AppDelegate.swift in Sources */,
				A5D9FE9B221C8FB4007225FA /* FirstViewController.swift in Sources */,
			);
			runOnlyForDeploymentPostprocessing = 0;
		};
/* End PBXSourcesBuildPhase section */

/* Begin PBXVariantGroup section */
		A5D9FE9E221C8FB5007225FA /* Main.storyboard */ = {
			isa = PBXVariantGroup;
			children = (
				A5D9FE9F221C8FB5007225FA /* Base */,
			);
			name = Main.storyboard;
			sourceTree = "<group>";
		};
		A5D9FEA3221C8FB5007225FA /* LaunchScreen.storyboard */ = {
			isa = PBXVariantGroup;
			children = (
				A5D9FEA4221C8FB5007225FA /* Base */,
			);
			name = LaunchScreen.storyboard;
			sourceTree = "<group>";
		};
/* End PBXVariantGroup section */

/* Begin XCBuildConfiguration section */
		A5D9FEA7221C8FB5007225FA /* Debug */ = {
			isa = XCBuildConfiguration;
			buildSettings = {
				ALWAYS_SEARCH_USER_PATHS = NO;
				CLANG_ANALYZER_NONNULL = YES;
				CLANG_ANALYZER_NUMBER_OBJECT_CONVERSION = YES_AGGRESSIVE;
				CLANG_CXX_LANGUAGE_STANDARD = "gnu++14";
				CLANG_CXX_LIBRARY = "libc++";
				CLANG_ENABLE_MODULES = YES;
				CLANG_ENABLE_OBJC_ARC = YES;
				CLANG_ENABLE_OBJC_WEAK = YES;
				CLANG_WARN_BLOCK_CAPTURE_AUTORELEASING = YES;
				CLANG_WARN_BOOL_CONVERSION = YES;
				CLANG_WARN_COMMA = YES;
				CLANG_WARN_CONSTANT_CONVERSION = YES;
				CLANG_WARN_DEPRECATED_OBJC_IMPLEMENTATIONS = YES;
				CLANG_WARN_DIRECT_OBJC_ISA_USAGE = YES_ERROR;
				CLANG_WARN_DOCUMENTATION_COMMENTS = YES;
				CLANG_WARN_EMPTY_BODY = YES;
				CLANG_WARN_ENUM_CONVERSION = YES;
				CLANG_WARN_INFINITE_RECURSION = YES;
				CLANG_WARN_INT_CONVERSION = YES;
				CLANG_WARN_NON_LITERAL_NULL_CONVERSION = YES;
				CLANG_WARN_OBJC_IMPLICIT_RETAIN_SELF = YES;
				CLANG_WARN_OBJC_LITERAL_CONVERSION = YES;
				CLANG_WARN_OBJC_ROOT_CLASS = YES_ERROR;
				CLANG_WARN_RANGE_LOOP_ANALYSIS = YES;
				CLANG_WARN_STRICT_PROTOTYPES = YES;
				CLANG_WARN_SUSPICIOUS_MOVE = YES;
				CLANG_WARN_UNGUARDED_AVAILABILITY = YES_AGGRESSIVE;
				CLANG_WARN_UNREACHABLE_CODE = YES;
				CLANG_WARN__DUPLICATE_METHOD_MATCH = YES;
				CODE_SIGN_IDENTITY = "iPhone Developer";
				COPY_PHASE_STRIP = NO;
				DEBUG_INFORMATION_FORMAT = dwarf;
				ENABLE_STRICT_OBJC_MSGSEND = YES;
				ENABLE_TESTABILITY = YES;
				GCC_C_LANGUAGE_STANDARD = gnu11;
				GCC_DYNAMIC_NO_PIC = NO;
				GCC_NO_COMMON_BLOCKS = YES;
				GCC_OPTIMIZATION_LEVEL = 0;
				GCC_PREPROCESSOR_DEFINITIONS = (
					"DEBUG=1",
					"$(inherited)",
				);
				GCC_WARN_64_TO_32_BIT_CONVERSION = YES;
				GCC_WARN_ABOUT_RETURN_TYPE = YES_ERROR;
				GCC_WARN_UNDECLARED_SELECTOR = YES;
				GCC_WARN_UNINITIALIZED_AUTOS = YES_AGGRESSIVE;
				GCC_WARN_UNUSED_FUNCTION = YES;
				GCC_WARN_UNUSED_VARIABLE = YES;
				IPHONEOS_DEPLOYMENT_TARGET = 12.1;
				MTL_ENABLE_DEBUG_INFO = INCLUDE_SOURCE;
				MTL_FAST_MATH = YES;
				ONLY_ACTIVE_ARCH = YES;
				SDKROOT = iphoneos;
				SWIFT_ACTIVE_COMPILATION_CONDITIONS = DEBUG;
				SWIFT_OPTIMIZATION_LEVEL = "-Onone";
			};
			name = Debug;
		};
		A5D9FEA8221C8FB5007225FA /* Release */ = {
			isa = XCBuildConfiguration;
			buildSettings = {
				ALWAYS_SEARCH_USER_PATHS = NO;
				CLANG_ANALYZER_NONNULL = YES;
				CLANG_ANALYZER_NUMBER_OBJECT_CONVERSION = YES_AGGRESSIVE;
				CLANG_CXX_LANGUAGE_STANDARD = "gnu++14";
				CLANG_CXX_LIBRARY = "libc++";
				CLANG_ENABLE_MODULES = YES;
				CLANG_ENABLE_OBJC_ARC = YES;
				CLANG_ENABLE_OBJC_WEAK = YES;
				CLANG_WARN_BLOCK_CAPTURE_AUTORELEASING = YES;
				CLANG_WARN_BOOL_CONVERSION = YES;
				CLANG_WARN_COMMA = YES;
				CLANG_WARN_CONSTANT_CONVERSION = YES;
				CLANG_WARN_DEPRECATED_OBJC_IMPLEMENTATIONS = YES;
				CLANG_WARN_DIRECT_OBJC_ISA_USAGE = YES_ERROR;
				CLANG_WARN_DOCUMENTATION_COMMENTS = YES;
				CLANG_WARN_EMPTY_BODY = YES;
				CLANG_WARN_ENUM_CONVERSION = YES;
				CLANG_WARN_INFINITE_RECURSION = YES;
				CLANG_WARN_INT_CONVERSION = YES;
				CLANG_WARN_NON_LITERAL_NULL_CONVERSION = YES;
				CLANG_WARN_OBJC_IMPLICIT_RETAIN_SELF = YES;
				CLANG_WARN_OBJC_LITERAL_CONVERSION = YES;
				CLANG_WARN_OBJC_ROOT_CLASS = YES_ERROR;
				CLANG_WARN_RANGE_LOOP_ANALYSIS = YES;
				CLANG_WARN_STRICT_PROTOTYPES = YES;
				CLANG_WARN_SUSPICIOUS_MOVE = YES;
				CLANG_WARN_UNGUARDED_AVAILABILITY = YES_AGGRESSIVE;
				CLANG_WARN_UNREACHABLE_CODE = YES;
				CLANG_WARN__DUPLICATE_METHOD_MATCH = YES;
				CODE_SIGN_IDENTITY = "iPhone Developer";
				COPY_PHASE_STRIP = NO;
				DEBUG_INFORMATION_FORMAT = "dwarf-with-dsym";
				ENABLE_NS_ASSERTIONS = NO;
				ENABLE_STRICT_OBJC_MSGSEND = YES;
				GCC_C_LANGUAGE_STANDARD = gnu11;
				GCC_NO_COMMON_BLOCKS = YES;
				GCC_WARN_64_TO_32_BIT_CONVERSION = YES;
				GCC_WARN_ABOUT_RETURN_TYPE = YES_ERROR;
				GCC_WARN_UNDECLARED_SELECTOR = YES;
				GCC_WARN_UNINITIALIZED_AUTOS = YES_AGGRESSIVE;
				GCC_WARN_UNUSED_FUNCTION = YES;
				GCC_WARN_UNUSED_VARIABLE = YES;
				IPHONEOS_DEPLOYMENT_TARGET = 12.1;
				MTL_ENABLE_DEBUG_INFO = NO;
				MTL_FAST_MATH = YES;
				SDKROOT = iphoneos;
				SWIFT_COMPILATION_MODE = wholemodule;
				SWIFT_OPTIMIZATION_LEVEL = "-O";
				VALIDATE_PRODUCT = YES;
			};
			name = Release;
		};
		A5D9FEAA221C8FB5007225FA /* Debug */ = {
			isa = XCBuildConfiguration;
			buildSettings = {
				ASSETCATALOG_COMPILER_APPICON_NAME = AppIcon;
				CODE_SIGN_STYLE = Automatic;
				INFOPLIST_FILE = TableViewRock/Info.plist;
				LD_RUNPATH_SEARCH_PATHS = (
					"$(inherited)",
					"@executable_path/Frameworks",
				);
				PRODUCT_BUNDLE_IDENTIFIER = edu.nwmissouri.TableViewRock;
				PRODUCT_NAME = "$(TARGET_NAME)";
				SWIFT_VERSION = 4.2;
				TARGETED_DEVICE_FAMILY = "1,2";
			};
			name = Debug;
		};
		A5D9FEAB221C8FB5007225FA /* Release */ = {
			isa = XCBuildConfiguration;
			buildSettings = {
				ASSETCATALOG_COMPILER_APPICON_NAME = AppIcon;
				CODE_SIGN_STYLE = Automatic;
				INFOPLIST_FILE = TableViewRock/Info.plist;
				LD_RUNPATH_SEARCH_PATHS = (
					"$(inherited)",
					"@executable_path/Frameworks",
				);
				PRODUCT_BUNDLE_IDENTIFIER = edu.nwmissouri.TableViewRock;
				PRODUCT_NAME = "$(TARGET_NAME)";
				SWIFT_VERSION = 4.2;
				TARGETED_DEVICE_FAMILY = "1,2";
			};
			name = Release;
		};
/* End XCBuildConfiguration section */

/* Begin XCConfigurationList section */
		A5D9FE90221C8FB4007225FA /* Build configuration list for PBXProject "TableViewRock" */ = {
			isa = XCConfigurationList;
			buildConfigurations = (
				A5D9FEA7221C8FB5007225FA /* Debug */,
				A5D9FEA8221C8FB5007225FA /* Release */,
			);
			defaultConfigurationIsVisible = 0;
			defaultConfigurationName = Release;
		};
		A5D9FEA9221C8FB5007225FA /* Build configuration list for PBXNativeTarget "TableViewRock" */ = {
			isa = XCConfigurationList;
			buildConfigurations = (
				A5D9FEAA221C8FB5007225FA /* Debug */,
				A5D9FEAB221C8FB5007225FA /* Release */,
			);
			defaultConfigurationIsVisible = 0;
			defaultConfigurationName = Release;
		};
/* End XCConfigurationList section */
	};
	rootObject = A5D9FE8D221C8FB4007225FA /* Project object */;
}
